
Microsoft Visual Studio Solution File, Format Version 12.00
# Visual Studio Version 17
VisualStudioVersion = 17.5.33424.131
MinimumVisualStudioVersion = 10.0.40219.1
Project("{9A19103F-16F7-4668-BE54-9A1E7A4F7556}") = "OnTap_.NetCore", "OnTap_.NetCore.csproj", "{AB122B78-D01D-4F98-BC3E-A1112C0F815B}"
EndProject
Project("{9A19103F-16F7-4668-BE54-9A1E7A4F7556}") = "Struct_KieuDuLieuLietKe", "..\Struct_KieuDuLieuLietKe\Struct_KieuDuLieuLietKe.csproj", "{7D277F8B-901B-4E24-9DDE-71FF7FB53C57}"
EndProject
Project("{9A19103F-16F7-4668-BE54-9A1E7A4F7556}") = "Math_in_CSharp", "..\Math_in_CSharp\Math_in_CSharp.csproj", "{80317C6B-9D15-47C9-A019-5A499D3AECDF}"
EndProject
Project("{9A19103F-16F7-4668-BE54-9A1E7A4F7556}") = "Tinh_Ke_Thua_Cua_Cac_Lop", "..\Tinh_Ke_Thua_Cua_Cac_Lop\Tinh_Ke_Thua_Cua_Cac_Lop.csproj", "{47CD4EF2-7833-4073-B4E3-2D54FBE15DCA}"
EndProject
Project("{9A19103F-16F7-4668-BE54-9A1E7A4F7556}") = "NameSpace_Partial", "..\NameSpace_Partial\NameSpace_Partial.csproj", "{3E4FC8D0-113C-47F3-BB58-926394C1E206}"
EndProject
Project("{9A19103F-16F7-4668-BE54-9A1E7A4F7556}") = "Generic", "..\Generic\Generic.csproj", "{4ECC6DD2-B4C9-450C-8620-72325EF4DC9B}"
EndProject
Project("{9A19103F-16F7-4668-BE54-9A1E7A4F7556}") = "AnonymousType_And_Dynamic", "..\AnonymousType_And_Dynamic\AnonymousType_And_Dynamic.csproj", "{9F72EA21-C2D9-4EB0-877C-396CB93BB7C6}"
EndProject
Project("{9A19103F-16F7-4668-BE54-9A1E7A4F7556}") = "Abstract", "..\Abstract\Abstract.csproj", "{2C37A0A5-87C0-46B8-A866-B082725DC04F}"
EndProject
Project("{9A19103F-16F7-4668-BE54-9A1E7A4F7556}") = "Delegate", "..\Delegate\Delegate.csproj", "{0C89E3DF-1B32-48B9-BAF6-A7CD0351B95E}"
EndProject
Project("{9A19103F-16F7-4668-BE54-9A1E7A4F7556}") = "Lambda", "..\Lambda\Lambda.csproj", "{9EAA98B7-AD95-48E5-B93C-D0041B1A9617}"
EndProject
Project("{9A19103F-16F7-4668-BE54-9A1E7A4F7556}") = "CS_Event", "..\CS_Event\CS_Event.csproj", "{41E87103-59AB-41A3-9968-B87C54E811ED}"
EndProject
Project("{9A19103F-16F7-4668-BE54-9A1E7A4F7556}") = "ExtensionMethod", "..\ExtensionMethod\ExtensionMethod.csproj", "{2FFFE4A7-A5FC-47F2-91FE-F5FFE5333F2B}"
EndProject
Project("{9A19103F-16F7-4668-BE54-9A1E7A4F7556}") = "CS_017", "..\CS_017\CS_017.csproj", "{F7A64871-B2EF-439E-B849-73FBCD169FEB}"
EndProject
Project("{9A19103F-16F7-4668-BE54-9A1E7A4F7556}") = "Exception", "..\Exception\Exception.csproj", "{06B6D7FF-C952-4562-9843-AA2F4F4C1628}"
EndProject
Project("{9A19103F-16F7-4668-BE54-9A1E7A4F7556}") = "List", "..\List\List.csproj", "{0C231C3A-5FD0-4884-8732-F3525B2EF6FD}"
EndProject
Project("{9A19103F-16F7-4668-BE54-9A1E7A4F7556}") = "Queue_Stack_Linkedlist", "..\Queue_Stack_Linkedlist\Queue_Stack_Linkedlist.csproj", "{B470A559-BC31-4CAC-A8C9-E4B90E334389}"
EndProject
Project("{9A19103F-16F7-4668-BE54-9A1E7A4F7556}") = "FileExample", "..\FileExample\FileExample.csproj", "{AE77EF73-D344-4B8C-B9F8-03D663F80BBB}"
EndProject
Project("{9A19103F-16F7-4668-BE54-9A1E7A4F7556}") = "Asynchronous", "..\Asynchronous\Asynchronous.csproj", "{685DC3A2-37E9-4C7B-88B8-933C082BC24B}"
EndProject
Project("{FAE04EC0-301F-11D3-BF4B-00C04F79EFBC}") = "LINQ", "..\LINQ\LINQ.csproj", "{78381127-19EA-4E8B-9706-C22E16F1CE5F}"
EndProject
Global
	GlobalSection(SolutionConfigurationPlatforms) = preSolution
		Debug|Any CPU = Debug|Any CPU
		Release|Any CPU = Release|Any CPU
	EndGlobalSection
	GlobalSection(ProjectConfigurationPlatforms) = postSolution
		{AB122B78-D01D-4F98-BC3E-A1112C0F815B}.Debug|Any CPU.ActiveCfg = Debug|Any CPU
		{AB122B78-D01D-4F98-BC3E-A1112C0F815B}.Debug|Any CPU.Build.0 = Debug|Any CPU
		{AB122B78-D01D-4F98-BC3E-A1112C0F815B}.Release|Any CPU.ActiveCfg = Release|Any CPU
		{AB122B78-D01D-4F98-BC3E-A1112C0F815B}.Release|Any CPU.Build.0 = Release|Any CPU
		{7D277F8B-901B-4E24-9DDE-71FF7FB53C57}.Debug|Any CPU.ActiveCfg = Debug|Any CPU
		{7D277F8B-901B-4E24-9DDE-71FF7FB53C57}.Debug|Any CPU.Build.0 = Debug|Any CPU
		{7D277F8B-901B-4E24-9DDE-71FF7FB53C57}.Release|Any CPU.ActiveCfg = Release|Any CPU
		{7D277F8B-901B-4E24-9DDE-71FF7FB53C57}.Release|Any CPU.Build.0 = Release|Any CPU
		{80317C6B-9D15-47C9-A019-5A499D3AECDF}.Debug|Any CPU.ActiveCfg = Debug|Any CPU
		{80317C6B-9D15-47C9-A019-5A499D3AECDF}.Debug|Any CPU.Build.0 = Debug|Any CPU
		{80317C6B-9D15-47C9-A019-5A499D3AECDF}.Release|Any CPU.ActiveCfg = Release|Any CPU
		{80317C6B-9D15-47C9-A019-5A499D3AECDF}.Release|Any CPU.Build.0 = Release|Any CPU
		{47CD4EF2-7833-4073-B4E3-2D54FBE15DCA}.Debug|Any CPU.ActiveCfg = Debug|Any CPU
		{47CD4EF2-7833-4073-B4E3-2D54FBE15DCA}.Debug|Any CPU.Build.0 = Debug|Any CPU
		{47CD4EF2-7833-4073-B4E3-2D54FBE15DCA}.Release|Any CPU.ActiveCfg = Release|Any CPU
		{47CD4EF2-7833-4073-B4E3-2D54FBE15DCA}.Release|Any CPU.Build.0 = Release|Any CPU
		{3E4FC8D0-113C-47F3-BB58-926394C1E206}.Debug|Any CPU.ActiveCfg = Debug|Any CPU
		{3E4FC8D0-113C-47F3-BB58-926394C1E206}.Debug|Any CPU.Build.0 = Debug|Any CPU
		{3E4FC8D0-113C-47F3-BB58-926394C1E206}.Release|Any CPU.ActiveCfg = Release|Any CPU
		{3E4FC8D0-113C-47F3-BB58-926394C1E206}.Release|Any CPU.Build.0 = Release|Any CPU
		{4ECC6DD2-B4C9-450C-8620-72325EF4DC9B}.Debug|Any CPU.ActiveCfg = Debug|Any CPU
		{4ECC6DD2-B4C9-450C-8620-72325EF4DC9B}.Debug|Any CPU.Build.0 = Debug|Any CPU
		{4ECC6DD2-B4C9-450C-8620-72325EF4DC9B}.Release|Any CPU.ActiveCfg = Release|Any CPU
		{4ECC6DD2-B4C9-450C-8620-72325EF4DC9B}.Release|Any CPU.Build.0 = Release|Any CPU
		{9F72EA21-C2D9-4EB0-877C-396CB93BB7C6}.Debug|Any CPU.ActiveCfg = Debug|Any CPU
		{9F72EA21-C2D9-4EB0-877C-396CB93BB7C6}.Debug|Any CPU.Build.0 = Debug|Any CPU
		{9F72EA21-C2D9-4EB0-877C-396CB93BB7C6}.Release|Any CPU.ActiveCfg = Release|Any CPU
		{9F72EA21-C2D9-4EB0-877C-396CB93BB7C6}.Release|Any CPU.Build.0 = Release|Any CPU
		{2C37A0A5-87C0-46B8-A866-B082725DC04F}.Debug|Any CPU.ActiveCfg = Debug|Any CPU
		{2C37A0A5-87C0-46B8-A866-B082725DC04F}.Debug|Any CPU.Build.0 = Debug|Any CPU
		{2C37A0A5-87C0-46B8-A866-B082725DC04F}.Release|Any CPU.ActiveCfg = Release|Any CPU
		{2C37A0A5-87C0-46B8-A866-B082725DC04F}.Release|Any CPU.Build.0 = Release|Any CPU
		{0C89E3DF-1B32-48B9-BAF6-A7CD0351B95E}.Debug|Any CPU.ActiveCfg = Debug|Any CPU
		{0C89E3DF-1B32-48B9-BAF6-A7CD0351B95E}.Debug|Any CPU.Build.0 = Debug|Any CPU
		{0C89E3DF-1B32-48B9-BAF6-A7CD0351B95E}.Release|Any CPU.ActiveCfg = Release|Any CPU
		{0C89E3DF-1B32-48B9-BAF6-A7CD0351B95E}.Release|Any CPU.Build.0 = Release|Any CPU
		{9EAA98B7-AD95-48E5-B93C-D0041B1A9617}.Debug|Any CPU.ActiveCfg = Debug|Any CPU
		{9EAA98B7-AD95-48E5-B93C-D0041B1A9617}.Debug|Any CPU.Build.0 = Debug|Any CPU
		{9EAA98B7-AD95-48E5-B93C-D0041B1A9617}.Release|Any CPU.ActiveCfg = Release|Any CPU
		{9EAA98B7-AD95-48E5-B93C-D0041B1A9617}.Release|Any CPU.Build.0 = Release|Any CPU
		{41E87103-59AB-41A3-9968-B87C54E811ED}.Debug|Any CPU.ActiveCfg = Debug|Any CPU
		{41E87103-59AB-41A3-9968-B87C54E811ED}.Debug|Any CPU.Build.0 = Debug|Any CPU
		{41E87103-59AB-41A3-9968-B87C54E811ED}.Release|Any CPU.ActiveCfg = Release|Any CPU
		{41E87103-59AB-41A3-9968-B87C54E811ED}.Release|Any CPU.Build.0 = Release|Any CPU
		{2FFFE4A7-A5FC-47F2-91FE-F5FFE5333F2B}.Debug|Any CPU.ActiveCfg = Debug|Any CPU
		{2FFFE4A7-A5FC-47F2-91FE-F5FFE5333F2B}.Debug|Any CPU.Build.0 = Debug|Any CPU
		{2FFFE4A7-A5FC-47F2-91FE-F5FFE5333F2B}.Release|Any CPU.ActiveCfg = Release|Any CPU
		{2FFFE4A7-A5FC-47F2-91FE-F5FFE5333F2B}.Release|Any CPU.Build.0 = Release|Any CPU
		{F7A64871-B2EF-439E-B849-73FBCD169FEB}.Debug|Any CPU.ActiveCfg = Debug|Any CPU
		{F7A64871-B2EF-439E-B849-73FBCD169FEB}.Debug|Any CPU.Build.0 = Debug|Any CPU
		{F7A64871-B2EF-439E-B849-73FBCD169FEB}.Release|Any CPU.ActiveCfg = Release|Any CPU
		{F7A64871-B2EF-439E-B849-73FBCD169FEB}.Release|Any CPU.Build.0 = Release|Any CPU
		{06B6D7FF-C952-4562-9843-AA2F4F4C1628}.Debug|Any CPU.ActiveCfg = Debug|Any CPU
		{06B6D7FF-C952-4562-9843-AA2F4F4C1628}.Debug|Any CPU.Build.0 = Debug|Any CPU
		{06B6D7FF-C952-4562-9843-AA2F4F4C1628}.Release|Any CPU.ActiveCfg = Release|Any CPU
		{06B6D7FF-C952-4562-9843-AA2F4F4C1628}.Release|Any CPU.Build.0 = Release|Any CPU
		{0C231C3A-5FD0-4884-8732-F3525B2EF6FD}.Debug|Any CPU.ActiveCfg = Debug|Any CPU
		{0C231C3A-5FD0-4884-8732-F3525B2EF6FD}.Debug|Any CPU.Build.0 = Debug|Any CPU
		{0C231C3A-5FD0-4884-8732-F3525B2EF6FD}.Release|Any CPU.ActiveCfg = Release|Any CPU
		{0C231C3A-5FD0-4884-8732-F3525B2EF6FD}.Release|Any CPU.Build.0 = Release|Any CPU
		{B470A559-BC31-4CAC-A8C9-E4B90E334389}.Debug|Any CPU.ActiveCfg = Debug|Any CPU
		{B470A559-BC31-4CAC-A8C9-E4B90E334389}.Debug|Any CPU.Build.0 = Debug|Any CPU
		{B470A559-BC31-4CAC-A8C9-E4B90E334389}.Release|Any CPU.ActiveCfg = Release|Any CPU
		{B470A559-BC31-4CAC-A8C9-E4B90E334389}.Release|Any CPU.Build.0 = Release|Any CPU
		{AE77EF73-D344-4B8C-B9F8-03D663F80BBB}.Debug|Any CPU.ActiveCfg = Debug|Any CPU
		{AE77EF73-D344-4B8C-B9F8-03D663F80BBB}.Debug|Any CPU.Build.0 = Debug|Any CPU
		{AE77EF73-D344-4B8C-B9F8-03D663F80BBB}.Release|Any CPU.ActiveCfg = Release|Any CPU
		{AE77EF73-D344-4B8C-B9F8-03D663F80BBB}.Release|Any CPU.Build.0 = Release|Any CPU
		{685DC3A2-37E9-4C7B-88B8-933C082BC24B}.Debug|Any CPU.ActiveCfg = Debug|Any CPU
		{685DC3A2-37E9-4C7B-88B8-933C082BC24B}.Debug|Any CPU.Build.0 = Debug|Any CPU
		{685DC3A2-37E9-4C7B-88B8-933C082BC24B}.Release|Any CPU.ActiveCfg = Release|Any CPU
		{685DC3A2-37E9-4C7B-88B8-933C082BC24B}.Release|Any CPU.Build.0 = Release|Any CPU
		{78381127-19EA-4E8B-9706-C22E16F1CE5F}.Debug|Any CPU.ActiveCfg = Debug|Any CPU
		{78381127-19EA-4E8B-9706-C22E16F1CE5F}.Debug|Any CPU.Build.0 = Debug|Any CPU
		{78381127-19EA-4E8B-9706-C22E16F1CE5F}.Release|Any CPU.ActiveCfg = Release|Any CPU
		{78381127-19EA-4E8B-9706-C22E16F1CE5F}.Release|Any CPU.Build.0 = Release|Any CPU
	EndGlobalSection
	GlobalSection(SolutionProperties) = preSolution
		HideSolutionNode = FALSE
	EndGlobalSection
	GlobalSection(ExtensibilityGlobals) = postSolution
		SolutionGuid = {8A3B20A4-17D3-4B20-9392-89E811498450}
	EndGlobalSection
EndGlobal
