
Microsoft Visual Studio Solution File, Format Version 12.00
# Visual Studio Version 17
VisualStudioVersion = 17.5.33502.453
MinimumVisualStudioVersion = 10.0.40219.1
Project("{FAE04EC0-301F-11D3-BF4B-00C04F79EFBC}") = "DemoSesion2_MVC", "DemoSesion2_MVC.csproj", "{191E3941-4E75-48D1-B6F0-32A0C2777E72}"
EndProject
Global
	GlobalSection(SolutionConfigurationPlatforms) = preSolution
		Debug|Any CPU = Debug|Any CPU
		Release|Any CPU = Release|Any CPU
	EndGlobalSection
	GlobalSection(ProjectConfigurationPlatforms) = postSolution
		{191E3941-4E75-48D1-B6F0-32A0C2777E72}.Debug|Any CPU.ActiveCfg = Debug|Any CPU
		{191E3941-4E75-48D1-B6F0-32A0C2777E72}.Debug|Any CPU.Build.0 = Debug|Any CPU
		{191E3941-4E75-48D1-B6F0-32A0C2777E72}.Release|Any CPU.ActiveCfg = Release|Any CPU
		{191E3941-4E75-48D1-B6F0-32A0C2777E72}.Release|Any CPU.Build.0 = Release|Any CPU
	EndGlobalSection
	GlobalSection(SolutionProperties) = preSolution
		HideSolutionNode = FALSE
	EndGlobalSection
	GlobalSection(ExtensibilityGlobals) = postSolution
		SolutionGuid = {23726944-1BF4-4A9C-A850-31DEFBEA5411}
	EndGlobalSection
EndGlobal
